
Microsoft Visual Studio Solution File, Format Version 12.00
# Visual Studio 15
VisualStudioVersion = 15.0.28307.645
MinimumVisualStudioVersion = 10.0.40219.1
Project("{FAE04EC0-301F-11D3-BF4B-00C04F79EFBC}") = "DealerShip", "DealerShip\DealerShip.csproj", "{CF3AB814-34A8-42C5-9D3E-5B271A484DC8}"
EndProject
Global
	GlobalSection(SolutionConfigurationPlatforms) = preSolution
		Debug|Any CPU = Debug|Any CPU
		Release|Any CPU = Release|Any CPU
	EndGlobalSection
	GlobalSection(ProjectConfigurationPlatforms) = postSolution
		{CF3AB814-34A8-42C5-9D3E-5B271A484DC8}.Debug|Any CPU.ActiveCfg = Debug|Any CPU
		{CF3AB814-34A8-42C5-9D3E-5B271A484DC8}.Debug|Any CPU.Build.0 = Debug|Any CPU
		{CF3AB814-34A8-42C5-9D3E-5B271A484DC8}.Release|Any CPU.ActiveCfg = Release|Any CPU
		{CF3AB814-34A8-42C5-9D3E-5B271A484DC8}.Release|Any CPU.Build.0 = Release|Any CPU
	EndGlobalSection
	GlobalSection(SolutionProperties) = preSolution
		HideSolutionNode = FALSE
	EndGlobalSection
	GlobalSection(ExtensibilityGlobals) = postSolution
		SolutionGuid = {0ADD4F3B-0ABB-489C-A0B7-07DCC03C6F34}
	EndGlobalSection
EndGlobal
